
Microsoft Visual Studio Solution File, Format Version 12.00
# Visual Studio Version 16
VisualStudioVersion = 16.0.31112.23
MinimumVisualStudioVersion = 10.0.40219.1
Project("{FAE04EC0-301F-11D3-BF4B-00C04F79EFBC}") = "CtoxWebApp", "CtoxWebApp\CtoxWebApp.csproj", "{BFCD2168-ED3D-43BB-86CD-1076FB8D0AD1}"
EndProject
Global
	GlobalSection(SolutionConfigurationPlatforms) = preSolution
		Debug|Any CPU = Debug|Any CPU
		Release|Any CPU = Release|Any CPU
	EndGlobalSection
	GlobalSection(ProjectConfigurationPlatforms) = postSolution
		{BFCD2168-ED3D-43BB-86CD-1076FB8D0AD1}.Debug|Any CPU.ActiveCfg = Debug|Any CPU
		{BFCD2168-ED3D-43BB-86CD-1076FB8D0AD1}.Debug|Any CPU.Build.0 = Debug|Any CPU
		{BFCD2168-ED3D-43BB-86CD-1076FB8D0AD1}.Release|Any CPU.ActiveCfg = Release|Any CPU
		{BFCD2168-ED3D-43BB-86CD-1076FB8D0AD1}.Release|Any CPU.Build.0 = Release|Any CPU
	EndGlobalSection
	GlobalSection(SolutionProperties) = preSolution
		HideSolutionNode = FALSE
	EndGlobalSection
	GlobalSection(ExtensibilityGlobals) = postSolution
		SolutionGuid = {56AF5772-F85C-44E9-B940-CEE220CED108}
	EndGlobalSection
EndGlobal
